<?xml version="1.0" encoding="utf-8"?>
<Project ToolsVersion="4.0" xmlns="http://schemas.microsoft.com/developer/msbuild/2003">
  <ItemGroup>
    <ClCompile Include="source\Camera.cpp" />
    <ClCompile Include="source\Camera64.cpp" />
    <ClCompile Include="source\Exception.cpp" />
    <ClCompile Include="source\ExceptionManager.cpp" />
    <ClCompile Include="source\IMemeoryManager.cpp" />
    <ClCompile Include="source\IObject.cpp" />
    <ClCompile Include="source\ISlotIndex.cpp" />
    <ClCompile Include="source\Main.cpp" />
    <ClCompile Include="source\MemoryManager.cpp" />
    <ClCompile Include="source\Object.cpp" />
    <ClCompile Include="source\PageIndex.cpp" />
    <ClCompile Include="source\Recorder.cpp" />
    <ClCompile Include="source\SlotIndex.cpp" />
    <ClCompile Include="source\string.cpp" />
  </ItemGroup>
  <ItemGroup>
    <ClInclude Include="source\Camera.h" />
    <ClInclude Include="source\Camera64.h" />
    <ClInclude Include="source\Exception.h" />
    <ClInclude Include="source\ExceptionManager.h" />
    <ClInclude Include="source\IMemoryManager.h" />
    <ClInclude Include="source\IObject.h" />
    <ClInclude Include="source\ISlotIndex.h" />
    <ClInclude Include="source\Main.h" />
    <ClInclude Include="source\MemoryManager.h" />
    <ClInclude Include="source\Object.h" />
    <ClInclude Include="source\PageIndex.h" />
    <ClInclude Include="source\Recorder.h" />
    <ClInclude Include="source\SlotIndex.h" />
    <ClInclude Include="source\string.h" />
    <ClInclude Include="source\Type.h" />
  </ItemGroup>
</Project>